
Microsoft Visual Studio Solution File, Format Version 12.00
# Visual Studio Version 16
VisualStudioVersion = 16.0.31205.134
MinimumVisualStudioVersion = 10.0.40219.1
Project("{888888A0-9F3D-457C-B088-3A5042F75D52}") = "RealsenseArUcoTracking", "RealsenseObjectTracking\RealsenseArUcoTracking.pyproj", "{1FD081E6-D6B7-458A-B94E-F650CDA7279D}"
EndProject
Global
	GlobalSection(SolutionConfigurationPlatforms) = preSolution
		Debug|Any CPU = Debug|Any CPU
		Release|Any CPU = Release|Any CPU
	EndGlobalSection
	GlobalSection(ProjectConfigurationPlatforms) = postSolution
		{1FD081E6-D6B7-458A-B94E-F650CDA7279D}.Debug|Any CPU.ActiveCfg = Debug|Any CPU
		{1FD081E6-D6B7-458A-B94E-F650CDA7279D}.Release|Any CPU.ActiveCfg = Release|Any CPU
	EndGlobalSection
	GlobalSection(SolutionProperties) = preSolution
		HideSolutionNode = FALSE
	EndGlobalSection
	GlobalSection(ExtensibilityGlobals) = postSolution
		SolutionGuid = {FF04645B-F2D8-4C75-B9FC-532E6F7C1AB8}
	EndGlobalSection
EndGlobal
